
Microsoft Visual Studio Solution File, Format Version 12.00
# Visual Studio Version 17
VisualStudioVersion = 17.1.32328.378
MinimumVisualStudioVersion = 10.0.40219.1
Project("{2150E333-8FDC-42A3-9474-1A3956D46DE8}") = "src", "src", "{9D441E87-E87F-4A21-92F0-45AEBA1397D4}"
EndProject
Project("{9A19103F-16F7-4668-BE54-9A1E7A4F7556}") = "Infrastructure", "src\Infrastructure\Infrastructure.csproj", "{C53B90A7-0975-4331-B776-2247F9964EEF}"
EndProject
Project("{2150E333-8FDC-42A3-9474-1A3956D46DE8}") = "_config", "_config", "{E67A8BE0-0795-4F3B-A9BB-BD37C9CBD916}"
	ProjectSection(SolutionItems) = preProject
		.editorconfig = .editorconfig
		..\.gitignore = ..\.gitignore
		Directory.Build.props = Directory.Build.props
		nuget.config = nuget.config
	EndProjectSection
EndProject
Project("{9A19103F-16F7-4668-BE54-9A1E7A4F7556}") = "API", "src\API\API.csproj", "{3E020761-9DEE-4422-9333-15B90B90D6E0}"
EndProject
Project("{FAE04EC0-301F-11D3-BF4B-00C04F79EFBC}") = "Blockchain.EVM", "src\Blockchain.EVM\Blockchain.EVM.csproj", "{43E53083-B279-4FF6-A4E5-6A72C04279A5}"
EndProject
Project("{FAE04EC0-301F-11D3-BF4B-00C04F79EFBC}") = "Blockchain.Starknet", "src\Blockchain.Starknet\Blockchain.Starknet.csproj", "{1492A46C-1332-4947-B53C-4A1EECE16031}"
EndProject
Project("{FAE04EC0-301F-11D3-BF4B-00C04F79EFBC}") = "Blockchain.Solana", "src\Blockchain.Solana\Blockchain.Solana.csproj", "{4C1F8BC2-53B1-4D70-A2AA-48EAB284C216}"
EndProject
Project("{FAE04EC0-301F-11D3-BF4B-00C04F79EFBC}") = "Data.Npgsql", "src\Data.Npgsql\Data.Npgsql.csproj", "{E77855D2-3214-41F8-9202-6C06E95A260C}"
EndProject
Project("{FAE04EC0-301F-11D3-BF4B-00C04F79EFBC}") = "Blockchain.Common", "src\Blockchain.Common\Blockchain.Common.csproj", "{068D2ACA-E7E0-4DA3-82EE-7FC20FABB7A1}"
EndProject
Project("{FAE04EC0-301F-11D3-BF4B-00C04F79EFBC}") = "Blockchain.Swap", "src\Blockchain.Swap\Blockchain.Swap.csproj", "{69C0CFFD-6AA3-4D62-B818-257A6266D93D}"
EndProject
Project("{FAE04EC0-301F-11D3-BF4B-00C04F79EFBC}") = "Infrastructure.Secret.AzureKeyVault", "src\Infrastructure.Secret.AzureKeyVault\Infrastructure.Secret.AzureKeyVault.csproj", "{477456EA-7CC7-42E6-A408-AD81744CB612}"
EndProject
Project("{FAE04EC0-301F-11D3-BF4B-00C04F79EFBC}") = "Infrastructure.TokenPrice.Coingecko", "src\Infrastructure.TokenPrice.Coingecko\Infrastructure.TokenPrice.Coingecko.csproj", "{B425A7FB-8FAF-402E-BD1B-D7BF8E668B4B}"
EndProject
Project("{2150E333-8FDC-42A3-9474-1A3956D46DE8}") = "_protos", "_protos", "{02EA681E-C7D8-13C7-8484-4AC65E1B71E8}"
	ProjectSection(SolutionItems) = preProject
		..\protos\blockchain.proto = ..\protos\blockchain.proto
	EndProjectSection
EndProject
Project("{2150E333-8FDC-42A3-9474-1A3956D46DE8}") = "_scripts", "_scripts", "{639B34B2-D9EB-40F6-B259-9AF06FF49BC0}"
	ProjectSection(SolutionItems) = preProject
		..\tools\protogen.ps1 = ..\tools\protogen.ps1
	EndProjectSection
EndProject
Project("{FAE04EC0-301F-11D3-BF4B-00C04F79EFBC}") = "Infrastructure.Logging.OpenTelemetry", "src\Infrastructure.Logging.OpenTelemetry\Infrastructure.Logging.OpenTelemetry.csproj", "{9E642F6C-680C-43CA-8C0A-BA537CED5AA6}"
EndProject
Project("{FAE04EC0-301F-11D3-BF4B-00C04F79EFBC}") = "Infrastructure.Abstractions", "src\Infrastructure.Abstractions\Infrastructure.Abstractions.csproj", "{3F903443-45B6-4E4A-B3D6-BA1A41DE3CCB}"
EndProject
Project("{FAE04EC0-301F-11D3-BF4B-00C04F79EFBC}") = "Infrastructure.DependencyInjection", "src\Infrastructure.DependencyInjection\Infrastructure.DependencyInjection.csproj", "{0C7D1799-62F0-49C6-84FF-229AD21D0509}"
EndProject
Project("{FAE04EC0-301F-11D3-BF4B-00C04F79EFBC}") = "Data.Abstractions", "src\Data.Abstractions\Data.Abstractions.csproj", "{DD17C81E-017B-4D4B-AB8A-F21E7FF2B8CF}"
EndProject
Project("{2150E333-8FDC-42A3-9474-1A3956D46DE8}") = "Blockchain", "Blockchain", "{6737D8C5-3F3B-484D-A62B-3A4C94C4AF95}"
EndProject
Project("{2150E333-8FDC-42A3-9474-1A3956D46DE8}") = "Infrastructure", "Infrastructure", "{A8361F6F-72AD-4A91-A331-F209132B514B}"
EndProject
Project("{2150E333-8FDC-42A3-9474-1A3956D46DE8}") = "Data", "Data", "{D8C171FD-424E-476C-A40A-0C00FBC34AD8}"
EndProject
Project("{FAE04EC0-301F-11D3-BF4B-00C04F79EFBC}") = "Blockchain.Abstractions", "src\Blockchain.Abstractions\Blockchain.Abstractions.csproj", "{2BB9264A-8CD1-4CC1-9424-08035D174989}"
EndProject
Project("{2150E333-8FDC-42A3-9474-1A3956D46DE8}") = "Shared", "Shared", "{417046CB-2C35-43D3-B887-98E708339594}"
EndProject
Project("{FAE04EC0-301F-11D3-BF4B-00C04F79EFBC}") = "Util", "src\Util\Util.csproj", "{BED56D0D-6DB0-4124-93EC-97E39150F03F}"
EndProject
Project("{2150E333-8FDC-42A3-9474-1A3956D46DE8}") = "_build", "_build", "{8EC462FD-D22E-90A8-E5CE-7E832BA40C5D}"
	ProjectSection(SolutionItems) = preProject
		..\build\.env = ..\build\.env
		..\.github\workflows\api.yml = ..\.github\workflows\api.yml
		..\build\docker-compose.yml = ..\build\docker-compose.yml
		..\.github\workflows\workflow-runner-evm.yml = ..\.github\workflows\workflow-runner-evm.yml
		..\.github\workflows\workflow-runner-solana.yml = ..\.github\workflows\workflow-runner-solana.yml
		..\.github\workflows\workflow-runner-starknet-js.yml = ..\.github\workflows\workflow-runner-starknet-js.yml
		..\.github\workflows\workflow-runner-starknet.yml = ..\.github\workflows\workflow-runner-starknet.yml
		..\.github\workflows\workflow-runner-swap.yml = ..\.github\workflows\workflow-runner-swap.yml
	EndProjectSection
EndProject
Global
	GlobalSection(SolutionConfigurationPlatforms) = preSolution
		Debug|Any CPU = Debug|Any CPU
		Release|Any CPU = Release|Any CPU
	EndGlobalSection
	GlobalSection(ProjectConfigurationPlatforms) = postSolution
		{C53B90A7-0975-4331-B776-2247F9964EEF}.Debug|Any CPU.ActiveCfg = Debug|Any CPU
		{C53B90A7-0975-4331-B776-2247F9964EEF}.Debug|Any CPU.Build.0 = Debug|Any CPU
		{C53B90A7-0975-4331-B776-2247F9964EEF}.Release|Any CPU.ActiveCfg = Release|Any CPU
		{C53B90A7-0975-4331-B776-2247F9964EEF}.Release|Any CPU.Build.0 = Release|Any CPU
		{3E020761-9DEE-4422-9333-15B90B90D6E0}.Debug|Any CPU.ActiveCfg = Debug|Any CPU
		{3E020761-9DEE-4422-9333-15B90B90D6E0}.Debug|Any CPU.Build.0 = Debug|Any CPU
		{3E020761-9DEE-4422-9333-15B90B90D6E0}.Release|Any CPU.ActiveCfg = Release|Any CPU
		{3E020761-9DEE-4422-9333-15B90B90D6E0}.Release|Any CPU.Build.0 = Release|Any CPU
		{43E53083-B279-4FF6-A4E5-6A72C04279A5}.Debug|Any CPU.ActiveCfg = Debug|Any CPU
		{43E53083-B279-4FF6-A4E5-6A72C04279A5}.Debug|Any CPU.Build.0 = Debug|Any CPU
		{43E53083-B279-4FF6-A4E5-6A72C04279A5}.Release|Any CPU.ActiveCfg = Release|Any CPU
		{43E53083-B279-4FF6-A4E5-6A72C04279A5}.Release|Any CPU.Build.0 = Release|Any CPU
		{1492A46C-1332-4947-B53C-4A1EECE16031}.Debug|Any CPU.ActiveCfg = Debug|Any CPU
		{1492A46C-1332-4947-B53C-4A1EECE16031}.Debug|Any CPU.Build.0 = Debug|Any CPU
		{1492A46C-1332-4947-B53C-4A1EECE16031}.Release|Any CPU.ActiveCfg = Release|Any CPU
		{1492A46C-1332-4947-B53C-4A1EECE16031}.Release|Any CPU.Build.0 = Release|Any CPU
		{4C1F8BC2-53B1-4D70-A2AA-48EAB284C216}.Debug|Any CPU.ActiveCfg = Debug|Any CPU
		{4C1F8BC2-53B1-4D70-A2AA-48EAB284C216}.Debug|Any CPU.Build.0 = Debug|Any CPU
		{4C1F8BC2-53B1-4D70-A2AA-48EAB284C216}.Release|Any CPU.ActiveCfg = Release|Any CPU
		{4C1F8BC2-53B1-4D70-A2AA-48EAB284C216}.Release|Any CPU.Build.0 = Release|Any CPU
		{E77855D2-3214-41F8-9202-6C06E95A260C}.Debug|Any CPU.ActiveCfg = Debug|Any CPU
		{E77855D2-3214-41F8-9202-6C06E95A260C}.Debug|Any CPU.Build.0 = Debug|Any CPU
		{E77855D2-3214-41F8-9202-6C06E95A260C}.Release|Any CPU.ActiveCfg = Release|Any CPU
		{E77855D2-3214-41F8-9202-6C06E95A260C}.Release|Any CPU.Build.0 = Release|Any CPU
		{068D2ACA-E7E0-4DA3-82EE-7FC20FABB7A1}.Debug|Any CPU.ActiveCfg = Debug|Any CPU
		{068D2ACA-E7E0-4DA3-82EE-7FC20FABB7A1}.Debug|Any CPU.Build.0 = Debug|Any CPU
		{068D2ACA-E7E0-4DA3-82EE-7FC20FABB7A1}.Release|Any CPU.ActiveCfg = Release|Any CPU
		{068D2ACA-E7E0-4DA3-82EE-7FC20FABB7A1}.Release|Any CPU.Build.0 = Release|Any CPU
		{69C0CFFD-6AA3-4D62-B818-257A6266D93D}.Debug|Any CPU.ActiveCfg = Debug|Any CPU
		{69C0CFFD-6AA3-4D62-B818-257A6266D93D}.Debug|Any CPU.Build.0 = Debug|Any CPU
		{69C0CFFD-6AA3-4D62-B818-257A6266D93D}.Release|Any CPU.ActiveCfg = Release|Any CPU
		{69C0CFFD-6AA3-4D62-B818-257A6266D93D}.Release|Any CPU.Build.0 = Release|Any CPU
		{477456EA-7CC7-42E6-A408-AD81744CB612}.Debug|Any CPU.ActiveCfg = Debug|Any CPU
		{477456EA-7CC7-42E6-A408-AD81744CB612}.Debug|Any CPU.Build.0 = Debug|Any CPU
		{477456EA-7CC7-42E6-A408-AD81744CB612}.Release|Any CPU.ActiveCfg = Release|Any CPU
		{477456EA-7CC7-42E6-A408-AD81744CB612}.Release|Any CPU.Build.0 = Release|Any CPU
		{B425A7FB-8FAF-402E-BD1B-D7BF8E668B4B}.Debug|Any CPU.ActiveCfg = Debug|Any CPU
		{B425A7FB-8FAF-402E-BD1B-D7BF8E668B4B}.Debug|Any CPU.Build.0 = Debug|Any CPU
		{B425A7FB-8FAF-402E-BD1B-D7BF8E668B4B}.Release|Any CPU.ActiveCfg = Release|Any CPU
		{B425A7FB-8FAF-402E-BD1B-D7BF8E668B4B}.Release|Any CPU.Build.0 = Release|Any CPU
		{9E642F6C-680C-43CA-8C0A-BA537CED5AA6}.Debug|Any CPU.ActiveCfg = Debug|Any CPU
		{9E642F6C-680C-43CA-8C0A-BA537CED5AA6}.Debug|Any CPU.Build.0 = Debug|Any CPU
		{9E642F6C-680C-43CA-8C0A-BA537CED5AA6}.Release|Any CPU.ActiveCfg = Release|Any CPU
		{9E642F6C-680C-43CA-8C0A-BA537CED5AA6}.Release|Any CPU.Build.0 = Release|Any CPU
		{3F903443-45B6-4E4A-B3D6-BA1A41DE3CCB}.Debug|Any CPU.ActiveCfg = Debug|Any CPU
		{3F903443-45B6-4E4A-B3D6-BA1A41DE3CCB}.Debug|Any CPU.Build.0 = Debug|Any CPU
		{3F903443-45B6-4E4A-B3D6-BA1A41DE3CCB}.Release|Any CPU.ActiveCfg = Release|Any CPU
		{3F903443-45B6-4E4A-B3D6-BA1A41DE3CCB}.Release|Any CPU.Build.0 = Release|Any CPU
		{0C7D1799-62F0-49C6-84FF-229AD21D0509}.Debug|Any CPU.ActiveCfg = Debug|Any CPU
		{0C7D1799-62F0-49C6-84FF-229AD21D0509}.Debug|Any CPU.Build.0 = Debug|Any CPU
		{0C7D1799-62F0-49C6-84FF-229AD21D0509}.Release|Any CPU.ActiveCfg = Release|Any CPU
		{0C7D1799-62F0-49C6-84FF-229AD21D0509}.Release|Any CPU.Build.0 = Release|Any CPU
		{DD17C81E-017B-4D4B-AB8A-F21E7FF2B8CF}.Debug|Any CPU.ActiveCfg = Debug|Any CPU
		{DD17C81E-017B-4D4B-AB8A-F21E7FF2B8CF}.Debug|Any CPU.Build.0 = Debug|Any CPU
		{DD17C81E-017B-4D4B-AB8A-F21E7FF2B8CF}.Release|Any CPU.ActiveCfg = Release|Any CPU
		{DD17C81E-017B-4D4B-AB8A-F21E7FF2B8CF}.Release|Any CPU.Build.0 = Release|Any CPU
		{2BB9264A-8CD1-4CC1-9424-08035D174989}.Debug|Any CPU.ActiveCfg = Debug|Any CPU
		{2BB9264A-8CD1-4CC1-9424-08035D174989}.Debug|Any CPU.Build.0 = Debug|Any CPU
		{2BB9264A-8CD1-4CC1-9424-08035D174989}.Release|Any CPU.ActiveCfg = Release|Any CPU
		{2BB9264A-8CD1-4CC1-9424-08035D174989}.Release|Any CPU.Build.0 = Release|Any CPU
		{BED56D0D-6DB0-4124-93EC-97E39150F03F}.Debug|Any CPU.ActiveCfg = Debug|Any CPU
		{BED56D0D-6DB0-4124-93EC-97E39150F03F}.Debug|Any CPU.Build.0 = Debug|Any CPU
		{BED56D0D-6DB0-4124-93EC-97E39150F03F}.Release|Any CPU.ActiveCfg = Release|Any CPU
		{BED56D0D-6DB0-4124-93EC-97E39150F03F}.Release|Any CPU.Build.0 = Release|Any CPU
	EndGlobalSection
	GlobalSection(SolutionProperties) = preSolution
		HideSolutionNode = FALSE
	EndGlobalSection
	GlobalSection(NestedProjects) = preSolution
		{C53B90A7-0975-4331-B776-2247F9964EEF} = {A8361F6F-72AD-4A91-A331-F209132B514B}
		{3E020761-9DEE-4422-9333-15B90B90D6E0} = {9D441E87-E87F-4A21-92F0-45AEBA1397D4}
		{43E53083-B279-4FF6-A4E5-6A72C04279A5} = {6737D8C5-3F3B-484D-A62B-3A4C94C4AF95}
		{1492A46C-1332-4947-B53C-4A1EECE16031} = {6737D8C5-3F3B-484D-A62B-3A4C94C4AF95}
		{4C1F8BC2-53B1-4D70-A2AA-48EAB284C216} = {6737D8C5-3F3B-484D-A62B-3A4C94C4AF95}
		{E77855D2-3214-41F8-9202-6C06E95A260C} = {D8C171FD-424E-476C-A40A-0C00FBC34AD8}
		{068D2ACA-E7E0-4DA3-82EE-7FC20FABB7A1} = {6737D8C5-3F3B-484D-A62B-3A4C94C4AF95}
		{69C0CFFD-6AA3-4D62-B818-257A6266D93D} = {6737D8C5-3F3B-484D-A62B-3A4C94C4AF95}
		{477456EA-7CC7-42E6-A408-AD81744CB612} = {A8361F6F-72AD-4A91-A331-F209132B514B}
		{B425A7FB-8FAF-402E-BD1B-D7BF8E668B4B} = {A8361F6F-72AD-4A91-A331-F209132B514B}
		{9E642F6C-680C-43CA-8C0A-BA537CED5AA6} = {A8361F6F-72AD-4A91-A331-F209132B514B}
		{3F903443-45B6-4E4A-B3D6-BA1A41DE3CCB} = {A8361F6F-72AD-4A91-A331-F209132B514B}
		{0C7D1799-62F0-49C6-84FF-229AD21D0509} = {A8361F6F-72AD-4A91-A331-F209132B514B}
		{DD17C81E-017B-4D4B-AB8A-F21E7FF2B8CF} = {D8C171FD-424E-476C-A40A-0C00FBC34AD8}
		{6737D8C5-3F3B-484D-A62B-3A4C94C4AF95} = {9D441E87-E87F-4A21-92F0-45AEBA1397D4}
		{A8361F6F-72AD-4A91-A331-F209132B514B} = {9D441E87-E87F-4A21-92F0-45AEBA1397D4}
		{D8C171FD-424E-476C-A40A-0C00FBC34AD8} = {9D441E87-E87F-4A21-92F0-45AEBA1397D4}
		{2BB9264A-8CD1-4CC1-9424-08035D174989} = {6737D8C5-3F3B-484D-A62B-3A4C94C4AF95}
		{417046CB-2C35-43D3-B887-98E708339594} = {9D441E87-E87F-4A21-92F0-45AEBA1397D4}
		{BED56D0D-6DB0-4124-93EC-97E39150F03F} = {417046CB-2C35-43D3-B887-98E708339594}
	EndGlobalSection
	GlobalSection(ExtensibilityGlobals) = postSolution
		SolutionGuid = {A9194A24-3EC3-4F7F-BD7F-8DE45515A2E3}
	EndGlobalSection
EndGlobal
